{
  "name": "play",
  "version": "1.0.0",
  "lockfileVersion": 2,
  "requires": true,
  "packages": {
    "": {
      "name": "play",
      "version": "1.0.0",
      "license": "ISC",
      "dependencies": {
        "libhdate": "^0.3.2"
      }
    },
    "node_modules/libhdate": {
      "version": "0.3.2",
      "resolved": "https://registry.npmjs.org/libhdate/-/libhdate-0.3.2.tgz",
      "integrity": "sha1-FTjn1tMcvbpi+gwGvFWKOm6kPhs="
    }
  },
  "dependencies": {
    "libhdate": {
      "version": "0.3.2",
      "resolved": "https://registry.npmjs.org/libhdate/-/libhdate-0.3.2.tgz",
      "integrity": "sha1-FTjn1tMcvbpi+gwGvFWKOm6kPhs="
    }
  }
}
